
Microsoft Visual Studio Solution File, Format Version 12.00
# Visual Studio 14
VisualStudioVersion = 14.0.25420.1
MinimumVisualStudioVersion = 10.0.40219.1
Project("{2150E333-8FDC-42A3-9474-1A3956D46DE8}") = "Lib", "Lib", "{C9B8B8F6-07E2-43A1-A35D-19E8E98116B1}"
EndProject
Project("{2150E333-8FDC-42A3-9474-1A3956D46DE8}") = "Src", "Src", "{948D7B34-762D-446E-943C-AF2427CCBFAD}"
EndProject
Project("{FAE04EC0-301F-11D3-BF4B-00C04F79EFBC}") = "PTypeGenerator", "MavLinkPGenerator\PTypeGenerator.csproj", "{C4AB2FCD-E4C9-4681-ADD4-3EBB582A5635}"
EndProject
Project("{8BC9CEB8-8B4A-11D0-8D11-00A0C91BC942}") = "Tracing", "Lib\Tracing\Tracing.vcxproj", "{9474AC26-C378-4052-9C13-39C07511EE8C}"
EndProject
Project("{8BC9CEB8-8B4A-11D0-8D11-00A0C91BC942}") = "Communication", "Lib\Communication\Communication.vcxproj", "{C2010772-DE97-465C-8105-A917D9612E5E}"
EndProject
Project("{8BC9CEB8-8B4A-11D0-8D11-00A0C91BC942}") = "PMavlinkMsgs", "Lib\PMavlinkMsgs\PMavlinkMsgs.vcxproj", "{E491D374-687C-49DC-BC79-AA8E24EC3BDF}"
EndProject
Project("{8BC9CEB8-8B4A-11D0-8D11-00A0C91BC942}") = "PFloat32", "Lib\PFloat32\PFloat32.vcxproj", "{A9160C75-D229-4BE2-AEB4-5A2ACA93E898}"
EndProject
Project("{8BC9CEB8-8B4A-11D0-8D11-00A0C91BC942}") = "Pfiles", "Lib\Pfiles\Pfiles.vcxproj", "{778BF078-FF93-4D54-AAEF-FDD8633C6459}"
EndProject
Project("{2150E333-8FDC-42A3-9474-1A3956D46DE8}") = "Test", "Test", "{C0A43101-BED3-48BD-BCDB-457DB38EE946}"
EndProject
Project("{8BC9CEB8-8B4A-11D0-8D11-00A0C91BC942}") = "TestPOrb", "Test\TestPOrb\TestPOrb.vcxproj", "{CFAE14CC-70BE-49FF-8222-37452937B429}"
EndProject
Project("{8BC9CEB8-8B4A-11D0-8D11-00A0C91BC942}") = "TestBootSystem", "Test\TestBootSystem\TestBootSystem.vcxproj", "{CC05D925-AA6A-4474-9E60-96B2CE734B87}"
EndProject
Project("{8BC9CEB8-8B4A-11D0-8D11-00A0C91BC942}") = "Play", "Test\Play\Play.vcxproj", "{A9ED6D52-C4DA-407D-B446-306F044772F1}"
EndProject
Project("{8BC9CEB8-8B4A-11D0-8D11-00A0C91BC942}") = "DgmlMonitorLib", "..\..\lib\p\Tst\Tools\DgmlMonitorLib\DgmlMonitorLib.vcxproj", "{B81F7E46-FF83-4534-ABA2-64A5C723FEDB}"
EndProject
Project("{2150E333-8FDC-42A3-9474-1A3956D46DE8}") = "Demo", "Demo", "{13159475-874D-489D-891A-FEB1CAE2CD9A}"
EndProject
Project("{FAE04EC0-301F-11D3-BF4B-00C04F79EFBC}") = "NavigationDemo", "NavigationDemo\NavigationDemo\NavigationDemo.csproj", "{45281B57-1566-4AC8-A14F-666DD6ED8FB1}"
EndProject
Project("{FAE04EC0-301F-11D3-BF4B-00C04F79EFBC}") = "MavlinkTest", "Test\MavlinkTest\MavlinkTest.csproj", "{DB2E1683-4641-4EF8-9259-94ED9B908EFB}"
EndProject
Project("{FAE04EC0-301F-11D3-BF4B-00C04F79EFBC}") = "ScrubGraph", "Test\ScrubGraph\ScrubGraph.csproj", "{F2F55BD6-1FCE-4332-8599-79525CED8BE0}"
EndProject
Project("{FAE04EC0-301F-11D3-BF4B-00C04F79EFBC}") = "Networking", "Lib\Managed\Networking\Networking.csproj", "{29C99047-525D-4389-9BF1-CC130755A135}"
EndProject
Global
	GlobalSection(SolutionConfigurationPlatforms) = preSolution
		Debug|Any CPU = Debug|Any CPU
		Debug|ARM = Debug|ARM
		Debug|x64 = Debug|x64
		Debug|x86 = Debug|x86
		Release|Any CPU = Release|Any CPU
		Release|ARM = Release|ARM
		Release|x64 = Release|x64
		Release|x86 = Release|x86
	EndGlobalSection
	GlobalSection(ProjectConfigurationPlatforms) = postSolution
		{C4AB2FCD-E4C9-4681-ADD4-3EBB582A5635}.Debug|Any CPU.ActiveCfg = Debug|Any CPU
		{C4AB2FCD-E4C9-4681-ADD4-3EBB582A5635}.Debug|Any CPU.Build.0 = Debug|Any CPU
		{C4AB2FCD-E4C9-4681-ADD4-3EBB582A5635}.Debug|ARM.ActiveCfg = Debug|Any CPU
		{C4AB2FCD-E4C9-4681-ADD4-3EBB582A5635}.Debug|ARM.Build.0 = Debug|Any CPU
		{C4AB2FCD-E4C9-4681-ADD4-3EBB582A5635}.Debug|x64.ActiveCfg = Debug|Any CPU
		{C4AB2FCD-E4C9-4681-ADD4-3EBB582A5635}.Debug|x64.Build.0 = Debug|Any CPU
		{C4AB2FCD-E4C9-4681-ADD4-3EBB582A5635}.Debug|x86.ActiveCfg = Debug|Any CPU
		{C4AB2FCD-E4C9-4681-ADD4-3EBB582A5635}.Debug|x86.Build.0 = Debug|Any CPU
		{C4AB2FCD-E4C9-4681-ADD4-3EBB582A5635}.Release|Any CPU.ActiveCfg = Release|Any CPU
		{C4AB2FCD-E4C9-4681-ADD4-3EBB582A5635}.Release|Any CPU.Build.0 = Release|Any CPU
		{C4AB2FCD-E4C9-4681-ADD4-3EBB582A5635}.Release|ARM.ActiveCfg = Release|Any CPU
		{C4AB2FCD-E4C9-4681-ADD4-3EBB582A5635}.Release|ARM.Build.0 = Release|Any CPU
		{C4AB2FCD-E4C9-4681-ADD4-3EBB582A5635}.Release|x64.ActiveCfg = Release|Any CPU
		{C4AB2FCD-E4C9-4681-ADD4-3EBB582A5635}.Release|x64.Build.0 = Release|Any CPU
		{C4AB2FCD-E4C9-4681-ADD4-3EBB582A5635}.Release|x86.ActiveCfg = Release|Any CPU
		{C4AB2FCD-E4C9-4681-ADD4-3EBB582A5635}.Release|x86.Build.0 = Release|Any CPU
		{9474AC26-C378-4052-9C13-39C07511EE8C}.Debug|Any CPU.ActiveCfg = Debug|Win32
		{9474AC26-C378-4052-9C13-39C07511EE8C}.Debug|ARM.ActiveCfg = Debug|Win32
		{9474AC26-C378-4052-9C13-39C07511EE8C}.Debug|x64.ActiveCfg = Debug|x64
		{9474AC26-C378-4052-9C13-39C07511EE8C}.Debug|x64.Build.0 = Debug|x64
		{9474AC26-C378-4052-9C13-39C07511EE8C}.Debug|x86.ActiveCfg = Debug|Win32
		{9474AC26-C378-4052-9C13-39C07511EE8C}.Debug|x86.Build.0 = Debug|Win32
		{9474AC26-C378-4052-9C13-39C07511EE8C}.Release|Any CPU.ActiveCfg = Release|Win32
		{9474AC26-C378-4052-9C13-39C07511EE8C}.Release|ARM.ActiveCfg = Release|Win32
		{9474AC26-C378-4052-9C13-39C07511EE8C}.Release|x64.ActiveCfg = Release|x64
		{9474AC26-C378-4052-9C13-39C07511EE8C}.Release|x64.Build.0 = Release|x64
		{9474AC26-C378-4052-9C13-39C07511EE8C}.Release|x86.ActiveCfg = Release|Win32
		{9474AC26-C378-4052-9C13-39C07511EE8C}.Release|x86.Build.0 = Release|Win32
		{C2010772-DE97-465C-8105-A917D9612E5E}.Debug|Any CPU.ActiveCfg = Debug|Win32
		{C2010772-DE97-465C-8105-A917D9612E5E}.Debug|ARM.ActiveCfg = Debug|Win32
		{C2010772-DE97-465C-8105-A917D9612E5E}.Debug|x64.ActiveCfg = Debug|x64
		{C2010772-DE97-465C-8105-A917D9612E5E}.Debug|x64.Build.0 = Debug|x64
		{C2010772-DE97-465C-8105-A917D9612E5E}.Debug|x86.ActiveCfg = Debug|Win32
		{C2010772-DE97-465C-8105-A917D9612E5E}.Debug|x86.Build.0 = Debug|Win32
		{C2010772-DE97-465C-8105-A917D9612E5E}.Release|Any CPU.ActiveCfg = Release|Win32
		{C2010772-DE97-465C-8105-A917D9612E5E}.Release|ARM.ActiveCfg = Release|Win32
		{C2010772-DE97-465C-8105-A917D9612E5E}.Release|x64.ActiveCfg = Release|x64
		{C2010772-DE97-465C-8105-A917D9612E5E}.Release|x64.Build.0 = Release|x64
		{C2010772-DE97-465C-8105-A917D9612E5E}.Release|x86.ActiveCfg = Release|Win32
		{C2010772-DE97-465C-8105-A917D9612E5E}.Release|x86.Build.0 = Release|Win32
		{E491D374-687C-49DC-BC79-AA8E24EC3BDF}.Debug|Any CPU.ActiveCfg = Debug|Win32
		{E491D374-687C-49DC-BC79-AA8E24EC3BDF}.Debug|ARM.ActiveCfg = Debug|Win32
		{E491D374-687C-49DC-BC79-AA8E24EC3BDF}.Debug|x64.ActiveCfg = Debug|x64
		{E491D374-687C-49DC-BC79-AA8E24EC3BDF}.Debug|x64.Build.0 = Debug|x64
		{E491D374-687C-49DC-BC79-AA8E24EC3BDF}.Debug|x86.ActiveCfg = Debug|Win32
		{E491D374-687C-49DC-BC79-AA8E24EC3BDF}.Debug|x86.Build.0 = Debug|Win32
		{E491D374-687C-49DC-BC79-AA8E24EC3BDF}.Release|Any CPU.ActiveCfg = Release|Win32
		{E491D374-687C-49DC-BC79-AA8E24EC3BDF}.Release|ARM.ActiveCfg = Release|Win32
		{E491D374-687C-49DC-BC79-AA8E24EC3BDF}.Release|x64.ActiveCfg = Release|x64
		{E491D374-687C-49DC-BC79-AA8E24EC3BDF}.Release|x64.Build.0 = Release|x64
		{E491D374-687C-49DC-BC79-AA8E24EC3BDF}.Release|x86.ActiveCfg = Release|Win32
		{E491D374-687C-49DC-BC79-AA8E24EC3BDF}.Release|x86.Build.0 = Release|Win32
		{A9160C75-D229-4BE2-AEB4-5A2ACA93E898}.Debug|Any CPU.ActiveCfg = Debug|Win32
		{A9160C75-D229-4BE2-AEB4-5A2ACA93E898}.Debug|ARM.ActiveCfg = Debug|Win32
		{A9160C75-D229-4BE2-AEB4-5A2ACA93E898}.Debug|x64.ActiveCfg = Debug|x64
		{A9160C75-D229-4BE2-AEB4-5A2ACA93E898}.Debug|x64.Build.0 = Debug|x64
		{A9160C75-D229-4BE2-AEB4-5A2ACA93E898}.Debug|x86.ActiveCfg = Debug|Win32
		{A9160C75-D229-4BE2-AEB4-5A2ACA93E898}.Debug|x86.Build.0 = Debug|Win32
		{A9160C75-D229-4BE2-AEB4-5A2ACA93E898}.Release|Any CPU.ActiveCfg = Release|Win32
		{A9160C75-D229-4BE2-AEB4-5A2ACA93E898}.Release|ARM.ActiveCfg = Release|Win32
		{A9160C75-D229-4BE2-AEB4-5A2ACA93E898}.Release|x64.ActiveCfg = Release|x64
		{A9160C75-D229-4BE2-AEB4-5A2ACA93E898}.Release|x64.Build.0 = Release|x64
		{A9160C75-D229-4BE2-AEB4-5A2ACA93E898}.Release|x86.ActiveCfg = Release|Win32
		{A9160C75-D229-4BE2-AEB4-5A2ACA93E898}.Release|x86.Build.0 = Release|Win32
		{778BF078-FF93-4D54-AAEF-FDD8633C6459}.Debug|Any CPU.ActiveCfg = Debug|Win32
		{778BF078-FF93-4D54-AAEF-FDD8633C6459}.Debug|ARM.ActiveCfg = Debug|Win32
		{778BF078-FF93-4D54-AAEF-FDD8633C6459}.Debug|x64.ActiveCfg = Debug|x64
		{778BF078-FF93-4D54-AAEF-FDD8633C6459}.Debug|x64.Build.0 = Debug|x64
		{778BF078-FF93-4D54-AAEF-FDD8633C6459}.Debug|x86.ActiveCfg = Debug|Win32
		{778BF078-FF93-4D54-AAEF-FDD8633C6459}.Debug|x86.Build.0 = Debug|Win32
		{778BF078-FF93-4D54-AAEF-FDD8633C6459}.Release|Any CPU.ActiveCfg = Release|Win32
		{778BF078-FF93-4D54-AAEF-FDD8633C6459}.Release|ARM.ActiveCfg = Release|Win32
		{778BF078-FF93-4D54-AAEF-FDD8633C6459}.Release|x64.ActiveCfg = Release|x64
		{778BF078-FF93-4D54-AAEF-FDD8633C6459}.Release|x64.Build.0 = Release|x64
		{778BF078-FF93-4D54-AAEF-FDD8633C6459}.Release|x86.ActiveCfg = Release|Win32
		{778BF078-FF93-4D54-AAEF-FDD8633C6459}.Release|x86.Build.0 = Release|Win32
		{CFAE14CC-70BE-49FF-8222-37452937B429}.Debug|Any CPU.ActiveCfg = Debug|Win32
		{CFAE14CC-70BE-49FF-8222-37452937B429}.Debug|ARM.ActiveCfg = Debug|Win32
		{CFAE14CC-70BE-49FF-8222-37452937B429}.Debug|x64.ActiveCfg = Debug|x64
		{CFAE14CC-70BE-49FF-8222-37452937B429}.Debug|x64.Build.0 = Debug|x64
		{CFAE14CC-70BE-49FF-8222-37452937B429}.Debug|x86.ActiveCfg = Debug|Win32
		{CFAE14CC-70BE-49FF-8222-37452937B429}.Debug|x86.Build.0 = Debug|Win32
		{CFAE14CC-70BE-49FF-8222-37452937B429}.Release|Any CPU.ActiveCfg = Release|Win32
		{CFAE14CC-70BE-49FF-8222-37452937B429}.Release|ARM.ActiveCfg = Release|Win32
		{CFAE14CC-70BE-49FF-8222-37452937B429}.Release|x64.ActiveCfg = Release|x64
		{CFAE14CC-70BE-49FF-8222-37452937B429}.Release|x64.Build.0 = Release|x64
		{CFAE14CC-70BE-49FF-8222-37452937B429}.Release|x86.ActiveCfg = Release|Win32
		{CFAE14CC-70BE-49FF-8222-37452937B429}.Release|x86.Build.0 = Release|Win32
		{CC05D925-AA6A-4474-9E60-96B2CE734B87}.Debug|Any CPU.ActiveCfg = Debug|Win32
		{CC05D925-AA6A-4474-9E60-96B2CE734B87}.Debug|ARM.ActiveCfg = Debug|Win32
		{CC05D925-AA6A-4474-9E60-96B2CE734B87}.Debug|x64.ActiveCfg = Debug|x64
		{CC05D925-AA6A-4474-9E60-96B2CE734B87}.Debug|x64.Build.0 = Debug|x64
		{CC05D925-AA6A-4474-9E60-96B2CE734B87}.Debug|x86.ActiveCfg = Debug|Win32
		{CC05D925-AA6A-4474-9E60-96B2CE734B87}.Debug|x86.Build.0 = Debug|Win32
		{CC05D925-AA6A-4474-9E60-96B2CE734B87}.Release|Any CPU.ActiveCfg = Release|Win32
		{CC05D925-AA6A-4474-9E60-96B2CE734B87}.Release|ARM.ActiveCfg = Release|Win32
		{CC05D925-AA6A-4474-9E60-96B2CE734B87}.Release|x64.ActiveCfg = Release|x64
		{CC05D925-AA6A-4474-9E60-96B2CE734B87}.Release|x64.Build.0 = Release|x64
		{CC05D925-AA6A-4474-9E60-96B2CE734B87}.Release|x86.ActiveCfg = Release|Win32
		{CC05D925-AA6A-4474-9E60-96B2CE734B87}.Release|x86.Build.0 = Release|Win32
		{A9ED6D52-C4DA-407D-B446-306F044772F1}.Debug|Any CPU.ActiveCfg = Debug|Win32
		{A9ED6D52-C4DA-407D-B446-306F044772F1}.Debug|ARM.ActiveCfg = Debug|Win32
		{A9ED6D52-C4DA-407D-B446-306F044772F1}.Debug|x64.ActiveCfg = Debug|x64
		{A9ED6D52-C4DA-407D-B446-306F044772F1}.Debug|x64.Build.0 = Debug|x64
		{A9ED6D52-C4DA-407D-B446-306F044772F1}.Debug|x86.ActiveCfg = Debug|Win32
		{A9ED6D52-C4DA-407D-B446-306F044772F1}.Debug|x86.Build.0 = Debug|Win32
		{A9ED6D52-C4DA-407D-B446-306F044772F1}.Release|Any CPU.ActiveCfg = Release|Win32
		{A9ED6D52-C4DA-407D-B446-306F044772F1}.Release|ARM.ActiveCfg = Release|Win32
		{A9ED6D52-C4DA-407D-B446-306F044772F1}.Release|x64.ActiveCfg = Release|x64
		{A9ED6D52-C4DA-407D-B446-306F044772F1}.Release|x64.Build.0 = Release|x64
		{A9ED6D52-C4DA-407D-B446-306F044772F1}.Release|x86.ActiveCfg = Release|Win32
		{A9ED6D52-C4DA-407D-B446-306F044772F1}.Release|x86.Build.0 = Release|Win32
		{B81F7E46-FF83-4534-ABA2-64A5C723FEDB}.Debug|Any CPU.ActiveCfg = Debug|Win32
		{B81F7E46-FF83-4534-ABA2-64A5C723FEDB}.Debug|ARM.ActiveCfg = Debug|Win32
		{B81F7E46-FF83-4534-ABA2-64A5C723FEDB}.Debug|x64.ActiveCfg = Debug|x64
		{B81F7E46-FF83-4534-ABA2-64A5C723FEDB}.Debug|x64.Build.0 = Debug|x64
		{B81F7E46-FF83-4534-ABA2-64A5C723FEDB}.Debug|x86.ActiveCfg = Debug|Win32
		{B81F7E46-FF83-4534-ABA2-64A5C723FEDB}.Debug|x86.Build.0 = Debug|Win32
		{B81F7E46-FF83-4534-ABA2-64A5C723FEDB}.Release|Any CPU.ActiveCfg = Release|Win32
		{B81F7E46-FF83-4534-ABA2-64A5C723FEDB}.Release|ARM.ActiveCfg = Release|Win32
		{B81F7E46-FF83-4534-ABA2-64A5C723FEDB}.Release|x64.ActiveCfg = Release|x64
		{B81F7E46-FF83-4534-ABA2-64A5C723FEDB}.Release|x64.Build.0 = Release|x64
		{B81F7E46-FF83-4534-ABA2-64A5C723FEDB}.Release|x86.ActiveCfg = Release|Win32
		{B81F7E46-FF83-4534-ABA2-64A5C723FEDB}.Release|x86.Build.0 = Release|Win32
		{45281B57-1566-4AC8-A14F-666DD6ED8FB1}.Debug|Any CPU.ActiveCfg = Debug|x86
		{45281B57-1566-4AC8-A14F-666DD6ED8FB1}.Debug|ARM.ActiveCfg = Debug|ARM
		{45281B57-1566-4AC8-A14F-666DD6ED8FB1}.Debug|ARM.Build.0 = Debug|ARM
		{45281B57-1566-4AC8-A14F-666DD6ED8FB1}.Debug|ARM.Deploy.0 = Debug|ARM
		{45281B57-1566-4AC8-A14F-666DD6ED8FB1}.Debug|x64.ActiveCfg = Debug|x64
		{45281B57-1566-4AC8-A14F-666DD6ED8FB1}.Debug|x64.Build.0 = Debug|x64
		{45281B57-1566-4AC8-A14F-666DD6ED8FB1}.Debug|x64.Deploy.0 = Debug|x64
		{45281B57-1566-4AC8-A14F-666DD6ED8FB1}.Debug|x86.ActiveCfg = Debug|x86
		{45281B57-1566-4AC8-A14F-666DD6ED8FB1}.Debug|x86.Build.0 = Debug|x86
		{45281B57-1566-4AC8-A14F-666DD6ED8FB1}.Debug|x86.Deploy.0 = Debug|x86
		{45281B57-1566-4AC8-A14F-666DD6ED8FB1}.Release|Any CPU.ActiveCfg = Release|x86
		{45281B57-1566-4AC8-A14F-666DD6ED8FB1}.Release|ARM.ActiveCfg = Release|ARM
		{45281B57-1566-4AC8-A14F-666DD6ED8FB1}.Release|ARM.Build.0 = Release|ARM
		{45281B57-1566-4AC8-A14F-666DD6ED8FB1}.Release|ARM.Deploy.0 = Release|ARM
		{45281B57-1566-4AC8-A14F-666DD6ED8FB1}.Release|x64.ActiveCfg = Release|x64
		{45281B57-1566-4AC8-A14F-666DD6ED8FB1}.Release|x64.Build.0 = Release|x64
		{45281B57-1566-4AC8-A14F-666DD6ED8FB1}.Release|x64.Deploy.0 = Release|x64
		{45281B57-1566-4AC8-A14F-666DD6ED8FB1}.Release|x86.ActiveCfg = Release|x86
		{45281B57-1566-4AC8-A14F-666DD6ED8FB1}.Release|x86.Build.0 = Release|x86
		{45281B57-1566-4AC8-A14F-666DD6ED8FB1}.Release|x86.Deploy.0 = Release|x86
		{DB2E1683-4641-4EF8-9259-94ED9B908EFB}.Debug|Any CPU.ActiveCfg = Debug|Any CPU
		{DB2E1683-4641-4EF8-9259-94ED9B908EFB}.Debug|Any CPU.Build.0 = Debug|Any CPU
		{DB2E1683-4641-4EF8-9259-94ED9B908EFB}.Debug|ARM.ActiveCfg = Debug|Any CPU
		{DB2E1683-4641-4EF8-9259-94ED9B908EFB}.Debug|ARM.Build.0 = Debug|Any CPU
		{DB2E1683-4641-4EF8-9259-94ED9B908EFB}.Debug|x64.ActiveCfg = Debug|Any CPU
		{DB2E1683-4641-4EF8-9259-94ED9B908EFB}.Debug|x64.Build.0 = Debug|Any CPU
		{DB2E1683-4641-4EF8-9259-94ED9B908EFB}.Debug|x86.ActiveCfg = Debug|Any CPU
		{DB2E1683-4641-4EF8-9259-94ED9B908EFB}.Debug|x86.Build.0 = Debug|Any CPU
		{DB2E1683-4641-4EF8-9259-94ED9B908EFB}.Release|Any CPU.ActiveCfg = Release|Any CPU
		{DB2E1683-4641-4EF8-9259-94ED9B908EFB}.Release|Any CPU.Build.0 = Release|Any CPU
		{DB2E1683-4641-4EF8-9259-94ED9B908EFB}.Release|ARM.ActiveCfg = Release|Any CPU
		{DB2E1683-4641-4EF8-9259-94ED9B908EFB}.Release|ARM.Build.0 = Release|Any CPU
		{DB2E1683-4641-4EF8-9259-94ED9B908EFB}.Release|x64.ActiveCfg = Release|Any CPU
		{DB2E1683-4641-4EF8-9259-94ED9B908EFB}.Release|x64.Build.0 = Release|Any CPU
		{DB2E1683-4641-4EF8-9259-94ED9B908EFB}.Release|x86.ActiveCfg = Release|Any CPU
		{DB2E1683-4641-4EF8-9259-94ED9B908EFB}.Release|x86.Build.0 = Release|Any CPU
		{F2F55BD6-1FCE-4332-8599-79525CED8BE0}.Debug|Any CPU.ActiveCfg = Debug|Any CPU
		{F2F55BD6-1FCE-4332-8599-79525CED8BE0}.Debug|Any CPU.Build.0 = Debug|Any CPU
		{F2F55BD6-1FCE-4332-8599-79525CED8BE0}.Debug|ARM.ActiveCfg = Debug|Any CPU
		{F2F55BD6-1FCE-4332-8599-79525CED8BE0}.Debug|ARM.Build.0 = Debug|Any CPU
		{F2F55BD6-1FCE-4332-8599-79525CED8BE0}.Debug|x64.ActiveCfg = Debug|Any CPU
		{F2F55BD6-1FCE-4332-8599-79525CED8BE0}.Debug|x64.Build.0 = Debug|Any CPU
		{F2F55BD6-1FCE-4332-8599-79525CED8BE0}.Debug|x86.ActiveCfg = Debug|Any CPU
		{F2F55BD6-1FCE-4332-8599-79525CED8BE0}.Debug|x86.Build.0 = Debug|Any CPU
		{F2F55BD6-1FCE-4332-8599-79525CED8BE0}.Release|Any CPU.ActiveCfg = Release|Any CPU
		{F2F55BD6-1FCE-4332-8599-79525CED8BE0}.Release|Any CPU.Build.0 = Release|Any CPU
		{F2F55BD6-1FCE-4332-8599-79525CED8BE0}.Release|ARM.ActiveCfg = Release|Any CPU
		{F2F55BD6-1FCE-4332-8599-79525CED8BE0}.Release|ARM.Build.0 = Release|Any CPU
		{F2F55BD6-1FCE-4332-8599-79525CED8BE0}.Release|x64.ActiveCfg = Release|Any CPU
		{F2F55BD6-1FCE-4332-8599-79525CED8BE0}.Release|x64.Build.0 = Release|Any CPU
		{F2F55BD6-1FCE-4332-8599-79525CED8BE0}.Release|x86.ActiveCfg = Release|Any CPU
		{F2F55BD6-1FCE-4332-8599-79525CED8BE0}.Release|x86.Build.0 = Release|Any CPU
		{29C99047-525D-4389-9BF1-CC130755A135}.Debug|Any CPU.ActiveCfg = Debug|Any CPU
		{29C99047-525D-4389-9BF1-CC130755A135}.Debug|Any CPU.Build.0 = Debug|Any CPU
		{29C99047-525D-4389-9BF1-CC130755A135}.Debug|ARM.ActiveCfg = Debug|Any CPU
		{29C99047-525D-4389-9BF1-CC130755A135}.Debug|ARM.Build.0 = Debug|Any CPU
		{29C99047-525D-4389-9BF1-CC130755A135}.Debug|x64.ActiveCfg = Debug|x64
		{29C99047-525D-4389-9BF1-CC130755A135}.Debug|x64.Build.0 = Debug|x64
		{29C99047-525D-4389-9BF1-CC130755A135}.Debug|x86.ActiveCfg = Debug|x86
		{29C99047-525D-4389-9BF1-CC130755A135}.Debug|x86.Build.0 = Debug|x86
		{29C99047-525D-4389-9BF1-CC130755A135}.Release|Any CPU.ActiveCfg = Release|Any CPU
		{29C99047-525D-4389-9BF1-CC130755A135}.Release|Any CPU.Build.0 = Release|Any CPU
		{29C99047-525D-4389-9BF1-CC130755A135}.Release|ARM.ActiveCfg = Release|Any CPU
		{29C99047-525D-4389-9BF1-CC130755A135}.Release|ARM.Build.0 = Release|Any CPU
		{29C99047-525D-4389-9BF1-CC130755A135}.Release|x64.ActiveCfg = Release|Any CPU
		{29C99047-525D-4389-9BF1-CC130755A135}.Release|x64.Build.0 = Release|Any CPU
		{29C99047-525D-4389-9BF1-CC130755A135}.Release|x86.ActiveCfg = Release|Any CPU
		{29C99047-525D-4389-9BF1-CC130755A135}.Release|x86.Build.0 = Release|Any CPU
	EndGlobalSection
	GlobalSection(SolutionProperties) = preSolution
		HideSolutionNode = FALSE
	EndGlobalSection
	GlobalSection(NestedProjects) = preSolution
		{C4AB2FCD-E4C9-4681-ADD4-3EBB582A5635} = {948D7B34-762D-446E-943C-AF2427CCBFAD}
		{9474AC26-C378-4052-9C13-39C07511EE8C} = {C9B8B8F6-07E2-43A1-A35D-19E8E98116B1}
		{C2010772-DE97-465C-8105-A917D9612E5E} = {C9B8B8F6-07E2-43A1-A35D-19E8E98116B1}
		{E491D374-687C-49DC-BC79-AA8E24EC3BDF} = {C9B8B8F6-07E2-43A1-A35D-19E8E98116B1}
		{A9160C75-D229-4BE2-AEB4-5A2ACA93E898} = {C9B8B8F6-07E2-43A1-A35D-19E8E98116B1}
		{778BF078-FF93-4D54-AAEF-FDD8633C6459} = {C9B8B8F6-07E2-43A1-A35D-19E8E98116B1}
		{CFAE14CC-70BE-49FF-8222-37452937B429} = {C0A43101-BED3-48BD-BCDB-457DB38EE946}
		{CC05D925-AA6A-4474-9E60-96B2CE734B87} = {C0A43101-BED3-48BD-BCDB-457DB38EE946}
		{A9ED6D52-C4DA-407D-B446-306F044772F1} = {C0A43101-BED3-48BD-BCDB-457DB38EE946}
		{B81F7E46-FF83-4534-ABA2-64A5C723FEDB} = {C0A43101-BED3-48BD-BCDB-457DB38EE946}
		{45281B57-1566-4AC8-A14F-666DD6ED8FB1} = {948D7B34-762D-446E-943C-AF2427CCBFAD}
		{DB2E1683-4641-4EF8-9259-94ED9B908EFB} = {C0A43101-BED3-48BD-BCDB-457DB38EE946}
		{F2F55BD6-1FCE-4332-8599-79525CED8BE0} = {C0A43101-BED3-48BD-BCDB-457DB38EE946}
		{29C99047-525D-4389-9BF1-CC130755A135} = {C9B8B8F6-07E2-43A1-A35D-19E8E98116B1}
	EndGlobalSection
EndGlobal
