<?xml version="1.0" encoding="utf-8"?>
<Project ToolsVersion="4.0" xmlns="http://schemas.microsoft.com/developer/msbuild/2003">
  <ItemGroup>
    <Filter Include="SenseAndInfer">
      <UniqueIdentifier>{d4617d13-3e43-4821-b0ed-dbc4fd89852d}</UniqueIdentifier>
    </Filter>
    <Filter Include="MotionPlanner">
      <UniqueIdentifier>{760bf552-bdf3-4a6c-914d-e88ea8a2006d}</UniqueIdentifier>
    </Filter>
    <Filter Include="MotionPlanExecutor">
      <UniqueIdentifier>{26c7224f-4102-4af8-a355-f964e200f0a9}</UniqueIdentifier>
    </Filter>
    <Filter Include="Utilities">
      <UniqueIdentifier>{39f1df1a-4792-4975-b36a-c53e26fe9c32}</UniqueIdentifier>
    </Filter>
    <Filter Include="POrb">
      <UniqueIdentifier>{41a2c494-4f77-4494-8c99-81736374a4f2}</UniqueIdentifier>
    </Filter>
    <Filter Include="MavlinkMsgs">
      <UniqueIdentifier>{a751a44e-ea4f-4926-be90-1e9cbc0f2dba}</UniqueIdentifier>
    </Filter>
    <Filter Include="POrb\PFiles">
      <UniqueIdentifier>{2d4c8316-1c37-4a16-bb60-1b1bd112471b}</UniqueIdentifier>
    </Filter>
    <Filter Include="POrb\CFiles">
      <UniqueIdentifier>{d23fe68c-1aac-4aac-bde5-2eadd98b46bd}</UniqueIdentifier>
    </Filter>
  </ItemGroup>
  <ItemGroup>
    <None Include="P_Mavlink_Enums.p">
      <Filter>MavlinkMsgs</Filter>
    </None>
    <None Include="P_Mavlink_MessageTypes.p">
      <Filter>MavlinkMsgs</Filter>
    </None>
    <None Include="Timer.p">
      <Filter>Utilities</Filter>
    </None>
    <None Include="AltitudeMonitor.p">
      <Filter>SenseAndInfer</Filter>
    </None>
    <None Include="BatteryMonitor.p">
      <Filter>SenseAndInfer</Filter>
    </None>
    <None Include="GeofenceMonitor.p">
      <Filter>SenseAndInfer</Filter>
    </None>
    <None Include="GPSHealthMonitor.p">
      <Filter>SenseAndInfer</Filter>
    </None>
    <None Include="HeartbeatMonitor.p">
      <Filter>SenseAndInfer</Filter>
    </None>
    <None Include="POrb.p">
      <Filter>POrb\PFiles</Filter>
    </None>
    <None Include="POrbTopics.p">
      <Filter>POrb\PFiles</Filter>
    </None>
  </ItemGroup>
  <ItemGroup>
    <ClCompile Include="POrb.cpp">
      <Filter>POrb\CFiles</Filter>
    </ClCompile>
    <ClCompile Include="POrbMavlink.cpp">
      <Filter>POrb\CFiles</Filter>
    </ClCompile>
  </ItemGroup>
  <ItemGroup>
    <ClInclude Include="POrb.h">
      <Filter>POrb\CFiles</Filter>
    </ClInclude>
    <ClInclude Include="POrbMavlink.h">
      <Filter>POrb\CFiles</Filter>
    </ClInclude>
  </ItemGroup>
</Project>