
Microsoft Visual Studio Solution File, Format Version 12.00
# Visual Studio 14
VisualStudioVersion = 14.0.24720.0
MinimumVisualStudioVersion = 10.0.40219.1
Project("{8BC9CEB8-8B4A-11D0-8D11-00A0C91BC942}") = "MPU6000", "MPU6000.vcxproj", "{D34337DD-8C03-4CA4-B211-1F298696AA98}"
EndProject
Project("{8BC9CEB8-8B4A-11D0-8D11-00A0C91BC942}") = "MPU6000Test", "..\MPU6000Test\MPU6000Test.vcxproj", "{806AFA63-254C-4750-893F-AF87089338F2}"
EndProject
Global
	GlobalSection(SolutionConfigurationPlatforms) = preSolution
		Debug|x64 = Debug|x64
		Debug|x86 = Debug|x86
		Release|x64 = Release|x64
		Release|x86 = Release|x86
	EndGlobalSection
	GlobalSection(ProjectConfigurationPlatforms) = postSolution
		{D34337DD-8C03-4CA4-B211-1F298696AA98}.Debug|x64.ActiveCfg = Debug|x64
		{D34337DD-8C03-4CA4-B211-1F298696AA98}.Debug|x64.Build.0 = Debug|x64
		{D34337DD-8C03-4CA4-B211-1F298696AA98}.Debug|x86.ActiveCfg = Debug|Win32
		{D34337DD-8C03-4CA4-B211-1F298696AA98}.Debug|x86.Build.0 = Debug|Win32
		{D34337DD-8C03-4CA4-B211-1F298696AA98}.Release|x64.ActiveCfg = Release|x64
		{D34337DD-8C03-4CA4-B211-1F298696AA98}.Release|x64.Build.0 = Release|x64
		{D34337DD-8C03-4CA4-B211-1F298696AA98}.Release|x86.ActiveCfg = Release|Win32
		{D34337DD-8C03-4CA4-B211-1F298696AA98}.Release|x86.Build.0 = Release|Win32
		{806AFA63-254C-4750-893F-AF87089338F2}.Debug|x64.ActiveCfg = Debug|x64
		{806AFA63-254C-4750-893F-AF87089338F2}.Debug|x64.Build.0 = Debug|x64
		{806AFA63-254C-4750-893F-AF87089338F2}.Debug|x86.ActiveCfg = Debug|Win32
		{806AFA63-254C-4750-893F-AF87089338F2}.Debug|x86.Build.0 = Debug|Win32
		{806AFA63-254C-4750-893F-AF87089338F2}.Release|x64.ActiveCfg = Release|x64
		{806AFA63-254C-4750-893F-AF87089338F2}.Release|x64.Build.0 = Release|x64
		{806AFA63-254C-4750-893F-AF87089338F2}.Release|x86.ActiveCfg = Release|Win32
		{806AFA63-254C-4750-893F-AF87089338F2}.Release|x86.Build.0 = Release|Win32
	EndGlobalSection
	GlobalSection(SolutionProperties) = preSolution
		HideSolutionNode = FALSE
	EndGlobalSection
EndGlobal
