
Microsoft Visual Studio Solution File, Format Version 12.00
# Visual Studio 2013
VisualStudioVersion = 12.0.31101.0
MinimumVisualStudioVersion = 10.0.40219.1
Project("{8BC9CEB8-8B4A-11D0-8D11-00A0C91BC942}") = "AstecFireflyController", "AstecFirefly\AstecFirefly.vcxproj", "{84E834CC-BEF9-4F2B-9F7E-C4A01D9AA15F}"
EndProject
Project("{2150E333-8FDC-42A3-9474-1A3956D46DE8}") = "MachineLearningExperiments", "MachineLearningExperiments", "{49C45BC1-8F50-44AD-A327-B1C3569F1D1B}"
EndProject
Project("{2150E333-8FDC-42A3-9474-1A3956D46DE8}") = "Test", "Test", "{7715A4FE-E320-4C53-B96A-72C1AE58FF6B}"
EndProject
Project("{8BC9CEB8-8B4A-11D0-8D11-00A0C91BC942}") = "TestControllerExecuteSteps", "TestControllerExecuteSteps\TestController_2.vcxproj", "{9C7D2D86-394F-41D2-9250-9AEC374766D7}"
EndProject
Project("{8BC9CEB8-8B4A-11D0-8D11-00A0C91BC942}") = "TestAstecFireflyController", "TestAstecFireflyController\AstecFireflyController.vcxproj", "{39FD99FC-5090-4D0A-84A8-53599C0CEE3E}"
EndProject
Project("{8BC9CEB8-8B4A-11D0-8D11-00A0C91BC942}") = "EstimateGridSize", "MachineLearningExperiments\Exp_GridSize\EstimateGridSize\EstimateGridSize.vcxproj", "{52DE928C-C5D1-41B4-8DBD-60F9639CE7D2}"
EndProject
Project("{8BC9CEB8-8B4A-11D0-8D11-00A0C91BC942}") = "EstimateHovering", "MachineLearningExperiments\Exp_Hovering\EstimateHovering\EstimateHovering.vcxproj", "{8FE9E091-4F5B-46BD-96B5-1107AD3BDFFC}"
EndProject
Project("{8BC9CEB8-8B4A-11D0-8D11-00A0C91BC942}") = "EstimatingMotionPrimitives", "MachineLearningExperiments\EstimatingMotionPrimitives\EstimatingMotionPrimitives.vcxproj", "{3EA81700-15A3-4248-8457-43E863FA7B03}"
EndProject
Global
	GlobalSection(SolutionConfigurationPlatforms) = preSolution
		Debug|Win32 = Debug|Win32
		Release|Win32 = Release|Win32
	EndGlobalSection
	GlobalSection(ProjectConfigurationPlatforms) = postSolution
		{84E834CC-BEF9-4F2B-9F7E-C4A01D9AA15F}.Debug|Win32.ActiveCfg = Debug|Win32
		{84E834CC-BEF9-4F2B-9F7E-C4A01D9AA15F}.Debug|Win32.Build.0 = Debug|Win32
		{84E834CC-BEF9-4F2B-9F7E-C4A01D9AA15F}.Release|Win32.ActiveCfg = Release|Win32
		{84E834CC-BEF9-4F2B-9F7E-C4A01D9AA15F}.Release|Win32.Build.0 = Release|Win32
		{9C7D2D86-394F-41D2-9250-9AEC374766D7}.Debug|Win32.ActiveCfg = Debug|Win32
		{9C7D2D86-394F-41D2-9250-9AEC374766D7}.Debug|Win32.Build.0 = Debug|Win32
		{9C7D2D86-394F-41D2-9250-9AEC374766D7}.Release|Win32.ActiveCfg = Release|Win32
		{9C7D2D86-394F-41D2-9250-9AEC374766D7}.Release|Win32.Build.0 = Release|Win32
		{39FD99FC-5090-4D0A-84A8-53599C0CEE3E}.Debug|Win32.ActiveCfg = Debug|Win32
		{39FD99FC-5090-4D0A-84A8-53599C0CEE3E}.Debug|Win32.Build.0 = Debug|Win32
		{39FD99FC-5090-4D0A-84A8-53599C0CEE3E}.Release|Win32.ActiveCfg = Release|Win32
		{39FD99FC-5090-4D0A-84A8-53599C0CEE3E}.Release|Win32.Build.0 = Release|Win32
		{52DE928C-C5D1-41B4-8DBD-60F9639CE7D2}.Debug|Win32.ActiveCfg = Debug|Win32
		{52DE928C-C5D1-41B4-8DBD-60F9639CE7D2}.Debug|Win32.Build.0 = Debug|Win32
		{52DE928C-C5D1-41B4-8DBD-60F9639CE7D2}.Release|Win32.ActiveCfg = Release|Win32
		{52DE928C-C5D1-41B4-8DBD-60F9639CE7D2}.Release|Win32.Build.0 = Release|Win32
		{8FE9E091-4F5B-46BD-96B5-1107AD3BDFFC}.Debug|Win32.ActiveCfg = Debug|Win32
		{8FE9E091-4F5B-46BD-96B5-1107AD3BDFFC}.Debug|Win32.Build.0 = Debug|Win32
		{8FE9E091-4F5B-46BD-96B5-1107AD3BDFFC}.Release|Win32.ActiveCfg = Release|Win32
		{8FE9E091-4F5B-46BD-96B5-1107AD3BDFFC}.Release|Win32.Build.0 = Release|Win32
		{3EA81700-15A3-4248-8457-43E863FA7B03}.Debug|Win32.ActiveCfg = Debug|Win32
		{3EA81700-15A3-4248-8457-43E863FA7B03}.Debug|Win32.Build.0 = Debug|Win32
		{3EA81700-15A3-4248-8457-43E863FA7B03}.Release|Win32.ActiveCfg = Release|Win32
		{3EA81700-15A3-4248-8457-43E863FA7B03}.Release|Win32.Build.0 = Release|Win32
	EndGlobalSection
	GlobalSection(SolutionProperties) = preSolution
		HideSolutionNode = FALSE
	EndGlobalSection
	GlobalSection(NestedProjects) = preSolution
		{9C7D2D86-394F-41D2-9250-9AEC374766D7} = {7715A4FE-E320-4C53-B96A-72C1AE58FF6B}
		{39FD99FC-5090-4D0A-84A8-53599C0CEE3E} = {7715A4FE-E320-4C53-B96A-72C1AE58FF6B}
		{52DE928C-C5D1-41B4-8DBD-60F9639CE7D2} = {49C45BC1-8F50-44AD-A327-B1C3569F1D1B}
		{8FE9E091-4F5B-46BD-96B5-1107AD3BDFFC} = {49C45BC1-8F50-44AD-A327-B1C3569F1D1B}
		{3EA81700-15A3-4248-8457-43E863FA7B03} = {49C45BC1-8F50-44AD-A327-B1C3569F1D1B}
	EndGlobalSection
EndGlobal
