
Microsoft Visual Studio Solution File, Format Version 12.00
# Visual Studio 14
VisualStudioVersion = 14.0.24720.0
MinimumVisualStudioVersion = 10.0.40219.1
Project("{8BC9CEB8-8B4A-11D0-8D11-00A0C91BC942}") = "Complan_v2", "Complan\Complan_v2.vcxproj", "{69D0DB65-EDA8-494D-951D-F41C45E517B2}"
EndProject
Project("{8BC9CEB8-8B4A-11D0-8D11-00A0C91BC942}") = "TestGenerateMotionPlan", "Test\TestGenerateMotionPlan\TestGenerateMotionPlan.vcxproj", "{976B67CC-8ECA-49F7-ABD3-EC2AC3A766C6}"
EndProject
Project("{2150E333-8FDC-42A3-9474-1A3956D46DE8}") = "Tests", "Tests", "{168555B6-75ED-48E0-B889-936BF7B331C7}"
EndProject
Project("{8BC9CEB8-8B4A-11D0-8D11-00A0C91BC942}") = "Test_1", "Test\Test_1\Test_1.vcxproj", "{14AF71D8-9715-4620-845B-20D58F653525}"
EndProject
Project("{2150E333-8FDC-42A3-9474-1A3956D46DE8}") = "EMSOFT", "EMSOFT", "{5E7C5D73-2A29-4933-BD14-1380142EC60C}"
EndProject
Project("{8BC9CEB8-8B4A-11D0-8D11-00A0C91BC942}") = "8x8", "EMSOFT\8x8\8x8.vcxproj", "{8FFFA684-858F-4185-BA76-CA7FA498CEC2}"
EndProject
Project("{8BC9CEB8-8B4A-11D0-8D11-00A0C91BC942}") = "16x16", "EMSOFT\16x16\16x16.vcxproj", "{4DDCDFC0-BCAA-410A-871C-3E2D51FA2198}"
EndProject
Project("{8BC9CEB8-8B4A-11D0-8D11-00A0C91BC942}") = "32x32", "EMSOFT\32x32\32x32.vcxproj", "{D6AA2FD8-8CBC-46AF-9A98-5C5D2758CD0F}"
EndProject
Project("{8BC9CEB8-8B4A-11D0-8D11-00A0C91BC942}") = "64x64", "EMSOFT\64x64\64x64.vcxproj", "{C8A51F0D-9FEC-4FA1-8E96-634DC8EDF1BE}"
EndProject
Global
	GlobalSection(SolutionConfigurationPlatforms) = preSolution
		Debug|Win32 = Debug|Win32
		Debug|x64 = Debug|x64
		Release|Win32 = Release|Win32
		Release|x64 = Release|x64
	EndGlobalSection
	GlobalSection(ProjectConfigurationPlatforms) = postSolution
		{69D0DB65-EDA8-494D-951D-F41C45E517B2}.Debug|Win32.ActiveCfg = Debug|Win32
		{69D0DB65-EDA8-494D-951D-F41C45E517B2}.Debug|Win32.Build.0 = Debug|Win32
		{69D0DB65-EDA8-494D-951D-F41C45E517B2}.Debug|x64.ActiveCfg = Debug|x64
		{69D0DB65-EDA8-494D-951D-F41C45E517B2}.Debug|x64.Build.0 = Debug|x64
		{69D0DB65-EDA8-494D-951D-F41C45E517B2}.Release|Win32.ActiveCfg = Release|Win32
		{69D0DB65-EDA8-494D-951D-F41C45E517B2}.Release|Win32.Build.0 = Release|Win32
		{69D0DB65-EDA8-494D-951D-F41C45E517B2}.Release|x64.ActiveCfg = Release|x64
		{69D0DB65-EDA8-494D-951D-F41C45E517B2}.Release|x64.Build.0 = Release|x64
		{976B67CC-8ECA-49F7-ABD3-EC2AC3A766C6}.Debug|Win32.ActiveCfg = Debug|Win32
		{976B67CC-8ECA-49F7-ABD3-EC2AC3A766C6}.Debug|Win32.Build.0 = Debug|Win32
		{976B67CC-8ECA-49F7-ABD3-EC2AC3A766C6}.Debug|x64.ActiveCfg = Debug|x64
		{976B67CC-8ECA-49F7-ABD3-EC2AC3A766C6}.Debug|x64.Build.0 = Debug|x64
		{976B67CC-8ECA-49F7-ABD3-EC2AC3A766C6}.Release|Win32.ActiveCfg = Release|Win32
		{976B67CC-8ECA-49F7-ABD3-EC2AC3A766C6}.Release|Win32.Build.0 = Release|Win32
		{976B67CC-8ECA-49F7-ABD3-EC2AC3A766C6}.Release|x64.ActiveCfg = Release|Win32
		{14AF71D8-9715-4620-845B-20D58F653525}.Debug|Win32.ActiveCfg = Debug|Win32
		{14AF71D8-9715-4620-845B-20D58F653525}.Debug|Win32.Build.0 = Debug|Win32
		{14AF71D8-9715-4620-845B-20D58F653525}.Debug|x64.ActiveCfg = Debug|x64
		{14AF71D8-9715-4620-845B-20D58F653525}.Debug|x64.Build.0 = Debug|x64
		{14AF71D8-9715-4620-845B-20D58F653525}.Release|Win32.ActiveCfg = Release|Win32
		{14AF71D8-9715-4620-845B-20D58F653525}.Release|Win32.Build.0 = Release|Win32
		{14AF71D8-9715-4620-845B-20D58F653525}.Release|x64.ActiveCfg = Release|x64
		{14AF71D8-9715-4620-845B-20D58F653525}.Release|x64.Build.0 = Release|x64
		{8FFFA684-858F-4185-BA76-CA7FA498CEC2}.Debug|Win32.ActiveCfg = Debug|Win32
		{8FFFA684-858F-4185-BA76-CA7FA498CEC2}.Debug|Win32.Build.0 = Debug|Win32
		{8FFFA684-858F-4185-BA76-CA7FA498CEC2}.Debug|x64.ActiveCfg = Debug|x64
		{8FFFA684-858F-4185-BA76-CA7FA498CEC2}.Debug|x64.Build.0 = Debug|x64
		{8FFFA684-858F-4185-BA76-CA7FA498CEC2}.Release|Win32.ActiveCfg = Release|Win32
		{8FFFA684-858F-4185-BA76-CA7FA498CEC2}.Release|Win32.Build.0 = Release|Win32
		{8FFFA684-858F-4185-BA76-CA7FA498CEC2}.Release|x64.ActiveCfg = Release|x64
		{8FFFA684-858F-4185-BA76-CA7FA498CEC2}.Release|x64.Build.0 = Release|x64
		{4DDCDFC0-BCAA-410A-871C-3E2D51FA2198}.Debug|Win32.ActiveCfg = Debug|Win32
		{4DDCDFC0-BCAA-410A-871C-3E2D51FA2198}.Debug|Win32.Build.0 = Debug|Win32
		{4DDCDFC0-BCAA-410A-871C-3E2D51FA2198}.Debug|x64.ActiveCfg = Debug|x64
		{4DDCDFC0-BCAA-410A-871C-3E2D51FA2198}.Debug|x64.Build.0 = Debug|x64
		{4DDCDFC0-BCAA-410A-871C-3E2D51FA2198}.Release|Win32.ActiveCfg = Release|Win32
		{4DDCDFC0-BCAA-410A-871C-3E2D51FA2198}.Release|Win32.Build.0 = Release|Win32
		{4DDCDFC0-BCAA-410A-871C-3E2D51FA2198}.Release|x64.ActiveCfg = Release|x64
		{4DDCDFC0-BCAA-410A-871C-3E2D51FA2198}.Release|x64.Build.0 = Release|x64
		{D6AA2FD8-8CBC-46AF-9A98-5C5D2758CD0F}.Debug|Win32.ActiveCfg = Debug|Win32
		{D6AA2FD8-8CBC-46AF-9A98-5C5D2758CD0F}.Debug|Win32.Build.0 = Debug|Win32
		{D6AA2FD8-8CBC-46AF-9A98-5C5D2758CD0F}.Debug|x64.ActiveCfg = Debug|x64
		{D6AA2FD8-8CBC-46AF-9A98-5C5D2758CD0F}.Debug|x64.Build.0 = Debug|x64
		{D6AA2FD8-8CBC-46AF-9A98-5C5D2758CD0F}.Release|Win32.ActiveCfg = Release|Win32
		{D6AA2FD8-8CBC-46AF-9A98-5C5D2758CD0F}.Release|Win32.Build.0 = Release|Win32
		{D6AA2FD8-8CBC-46AF-9A98-5C5D2758CD0F}.Release|x64.ActiveCfg = Release|x64
		{D6AA2FD8-8CBC-46AF-9A98-5C5D2758CD0F}.Release|x64.Build.0 = Release|x64
		{C8A51F0D-9FEC-4FA1-8E96-634DC8EDF1BE}.Debug|Win32.ActiveCfg = Debug|Win32
		{C8A51F0D-9FEC-4FA1-8E96-634DC8EDF1BE}.Debug|Win32.Build.0 = Debug|Win32
		{C8A51F0D-9FEC-4FA1-8E96-634DC8EDF1BE}.Debug|x64.ActiveCfg = Debug|x64
		{C8A51F0D-9FEC-4FA1-8E96-634DC8EDF1BE}.Debug|x64.Build.0 = Debug|x64
		{C8A51F0D-9FEC-4FA1-8E96-634DC8EDF1BE}.Release|Win32.ActiveCfg = Release|Win32
		{C8A51F0D-9FEC-4FA1-8E96-634DC8EDF1BE}.Release|Win32.Build.0 = Release|Win32
		{C8A51F0D-9FEC-4FA1-8E96-634DC8EDF1BE}.Release|x64.ActiveCfg = Release|x64
		{C8A51F0D-9FEC-4FA1-8E96-634DC8EDF1BE}.Release|x64.Build.0 = Release|x64
	EndGlobalSection
	GlobalSection(SolutionProperties) = preSolution
		HideSolutionNode = FALSE
	EndGlobalSection
	GlobalSection(NestedProjects) = preSolution
		{976B67CC-8ECA-49F7-ABD3-EC2AC3A766C6} = {168555B6-75ED-48E0-B889-936BF7B331C7}
		{14AF71D8-9715-4620-845B-20D58F653525} = {168555B6-75ED-48E0-B889-936BF7B331C7}
		{8FFFA684-858F-4185-BA76-CA7FA498CEC2} = {5E7C5D73-2A29-4933-BD14-1380142EC60C}
		{4DDCDFC0-BCAA-410A-871C-3E2D51FA2198} = {5E7C5D73-2A29-4933-BD14-1380142EC60C}
		{D6AA2FD8-8CBC-46AF-9A98-5C5D2758CD0F} = {5E7C5D73-2A29-4933-BD14-1380142EC60C}
		{C8A51F0D-9FEC-4FA1-8E96-634DC8EDF1BE} = {5E7C5D73-2A29-4933-BD14-1380142EC60C}
	EndGlobalSection
EndGlobal
