
Microsoft Visual Studio Solution File, Format Version 12.00
# Visual Studio 14
VisualStudioVersion = 14.0.25123.0
MinimumVisualStudioVersion = 10.0.40219.1
Project("{2150E333-8FDC-42A3-9474-1A3956D46DE8}") = "SoftwareStack", "SoftwareStack", "{5372C1CA-F764-4F48-A9FB-5EFD622D016F}"
EndProject
Project("{8BC9CEB8-8B4A-11D0-8D11-00A0C91BC942}") = "SoftwareStack", "SoftwareStack\SoftwareStack.vcxproj", "{778BF078-FF93-4D54-AAEF-FDD8633C6459}"
EndProject
Project("{2150E333-8FDC-42A3-9474-1A3956D46DE8}") = "Test", "Test", "{90DA06FE-AD19-4D91-B5E3-3A00282B96E4}"
EndProject
Project("{8BC9CEB8-8B4A-11D0-8D11-00A0C91BC942}") = "TestPOrb", "Test\TestPOrb\TestPOrb.vcxproj", "{CFAE14CC-70BE-49FF-8222-37452937B429}"
EndProject
Project("{8BC9CEB8-8B4A-11D0-8D11-00A0C91BC942}") = "TestBootSystem", "Test\TestBootSystem\TestBootSystem.vcxproj", "{CC05D925-AA6A-4474-9E60-96B2CE734B87}"
EndProject
Project("{2150E333-8FDC-42A3-9474-1A3956D46DE8}") = "Lib", "Lib", "{8381A4A1-664C-4EFF-894B-C6DC82B69405}"
EndProject
Project("{8BC9CEB8-8B4A-11D0-8D11-00A0C91BC942}") = "Communication", "Lib\Communication\Communication.vcxproj", "{C2010772-DE97-465C-8105-A917D9612E5E}"
EndProject
Project("{8BC9CEB8-8B4A-11D0-8D11-00A0C91BC942}") = "PFloat32", "Lib\PFloat32\PFloat32.vcxproj", "{A9160C75-D229-4BE2-AEB4-5A2ACA93E898}"
EndProject
Project("{8BC9CEB8-8B4A-11D0-8D11-00A0C91BC942}") = "PMavlinkMsgs", "Lib\PMavlinkMsgs\PMavlinkMsgs.vcxproj", "{E491D374-687C-49DC-BC79-AA8E24EC3BDF}"
EndProject
Project("{8BC9CEB8-8B4A-11D0-8D11-00A0C91BC942}") = "Tracing", "Lib\Tracing\Tracing.vcxproj", "{9474AC26-C378-4052-9C13-39C07511EE8C}"
EndProject
Project("{8BC9CEB8-8B4A-11D0-8D11-00A0C91BC942}") = "WorkspaceParser", "Lib\WorkspaceParser\WorkspaceParser.vcxproj", "{2DB351FE-C59F-4425-B4FA-0C2C17E26A84}"
EndProject
Project("{8BC9CEB8-8B4A-11D0-8D11-00A0C91BC942}") = "PlanGenerator", "Lib\PlanGenerator\PlanGenerator.vcxproj", "{06915B44-0BE8-4B9C-857B-254AD064E410}"
EndProject
Project("{8BC9CEB8-8B4A-11D0-8D11-00A0C91BC942}") = "TestPlanGeneratorAPI", "Test\TestPlanGeneratorAPI\TestPlanGeneratorAPI.vcxproj", "{3F996179-B0C4-4060-A696-9D5E90394759}"
EndProject
Global
	GlobalSection(SolutionConfigurationPlatforms) = preSolution
		Debug|Any CPU = Debug|Any CPU
		Debug|x64 = Debug|x64
		Debug|x86 = Debug|x86
		Release|Any CPU = Release|Any CPU
		Release|x64 = Release|x64
		Release|x86 = Release|x86
	EndGlobalSection
	GlobalSection(ProjectConfigurationPlatforms) = postSolution
		{778BF078-FF93-4D54-AAEF-FDD8633C6459}.Debug|Any CPU.ActiveCfg = Debug|Win32
		{778BF078-FF93-4D54-AAEF-FDD8633C6459}.Debug|x64.ActiveCfg = Debug|x64
		{778BF078-FF93-4D54-AAEF-FDD8633C6459}.Debug|x64.Build.0 = Debug|x64
		{778BF078-FF93-4D54-AAEF-FDD8633C6459}.Debug|x86.ActiveCfg = Debug|Win32
		{778BF078-FF93-4D54-AAEF-FDD8633C6459}.Debug|x86.Build.0 = Debug|Win32
		{778BF078-FF93-4D54-AAEF-FDD8633C6459}.Release|Any CPU.ActiveCfg = Release|Win32
		{778BF078-FF93-4D54-AAEF-FDD8633C6459}.Release|x64.ActiveCfg = Release|x64
		{778BF078-FF93-4D54-AAEF-FDD8633C6459}.Release|x64.Build.0 = Release|x64
		{778BF078-FF93-4D54-AAEF-FDD8633C6459}.Release|x86.ActiveCfg = Release|Win32
		{778BF078-FF93-4D54-AAEF-FDD8633C6459}.Release|x86.Build.0 = Release|Win32
		{CFAE14CC-70BE-49FF-8222-37452937B429}.Debug|Any CPU.ActiveCfg = Debug|Win32
		{CFAE14CC-70BE-49FF-8222-37452937B429}.Debug|x64.ActiveCfg = Debug|x64
		{CFAE14CC-70BE-49FF-8222-37452937B429}.Debug|x64.Build.0 = Debug|x64
		{CFAE14CC-70BE-49FF-8222-37452937B429}.Debug|x86.ActiveCfg = Debug|Win32
		{CFAE14CC-70BE-49FF-8222-37452937B429}.Debug|x86.Build.0 = Debug|Win32
		{CFAE14CC-70BE-49FF-8222-37452937B429}.Release|Any CPU.ActiveCfg = Release|Win32
		{CFAE14CC-70BE-49FF-8222-37452937B429}.Release|x64.ActiveCfg = Release|x64
		{CFAE14CC-70BE-49FF-8222-37452937B429}.Release|x64.Build.0 = Release|x64
		{CFAE14CC-70BE-49FF-8222-37452937B429}.Release|x86.ActiveCfg = Release|Win32
		{CFAE14CC-70BE-49FF-8222-37452937B429}.Release|x86.Build.0 = Release|Win32
		{CC05D925-AA6A-4474-9E60-96B2CE734B87}.Debug|Any CPU.ActiveCfg = Debug|Win32
		{CC05D925-AA6A-4474-9E60-96B2CE734B87}.Debug|x64.ActiveCfg = Debug|x64
		{CC05D925-AA6A-4474-9E60-96B2CE734B87}.Debug|x64.Build.0 = Debug|x64
		{CC05D925-AA6A-4474-9E60-96B2CE734B87}.Debug|x86.ActiveCfg = Debug|Win32
		{CC05D925-AA6A-4474-9E60-96B2CE734B87}.Debug|x86.Build.0 = Debug|Win32
		{CC05D925-AA6A-4474-9E60-96B2CE734B87}.Release|Any CPU.ActiveCfg = Release|Win32
		{CC05D925-AA6A-4474-9E60-96B2CE734B87}.Release|x64.ActiveCfg = Release|x64
		{CC05D925-AA6A-4474-9E60-96B2CE734B87}.Release|x64.Build.0 = Release|x64
		{CC05D925-AA6A-4474-9E60-96B2CE734B87}.Release|x86.ActiveCfg = Release|Win32
		{CC05D925-AA6A-4474-9E60-96B2CE734B87}.Release|x86.Build.0 = Release|Win32
		{C2010772-DE97-465C-8105-A917D9612E5E}.Debug|Any CPU.ActiveCfg = Debug|Win32
		{C2010772-DE97-465C-8105-A917D9612E5E}.Debug|x64.ActiveCfg = Debug|x64
		{C2010772-DE97-465C-8105-A917D9612E5E}.Debug|x64.Build.0 = Debug|x64
		{C2010772-DE97-465C-8105-A917D9612E5E}.Debug|x86.ActiveCfg = Debug|Win32
		{C2010772-DE97-465C-8105-A917D9612E5E}.Debug|x86.Build.0 = Debug|Win32
		{C2010772-DE97-465C-8105-A917D9612E5E}.Release|Any CPU.ActiveCfg = Release|Win32
		{C2010772-DE97-465C-8105-A917D9612E5E}.Release|x64.ActiveCfg = Release|x64
		{C2010772-DE97-465C-8105-A917D9612E5E}.Release|x64.Build.0 = Release|x64
		{C2010772-DE97-465C-8105-A917D9612E5E}.Release|x86.ActiveCfg = Release|Win32
		{C2010772-DE97-465C-8105-A917D9612E5E}.Release|x86.Build.0 = Release|Win32
		{A9160C75-D229-4BE2-AEB4-5A2ACA93E898}.Debug|Any CPU.ActiveCfg = Debug|Win32
		{A9160C75-D229-4BE2-AEB4-5A2ACA93E898}.Debug|x64.ActiveCfg = Debug|x64
		{A9160C75-D229-4BE2-AEB4-5A2ACA93E898}.Debug|x64.Build.0 = Debug|x64
		{A9160C75-D229-4BE2-AEB4-5A2ACA93E898}.Debug|x86.ActiveCfg = Debug|Win32
		{A9160C75-D229-4BE2-AEB4-5A2ACA93E898}.Debug|x86.Build.0 = Debug|Win32
		{A9160C75-D229-4BE2-AEB4-5A2ACA93E898}.Release|Any CPU.ActiveCfg = Release|Win32
		{A9160C75-D229-4BE2-AEB4-5A2ACA93E898}.Release|x64.ActiveCfg = Release|x64
		{A9160C75-D229-4BE2-AEB4-5A2ACA93E898}.Release|x64.Build.0 = Release|x64
		{A9160C75-D229-4BE2-AEB4-5A2ACA93E898}.Release|x86.ActiveCfg = Release|Win32
		{A9160C75-D229-4BE2-AEB4-5A2ACA93E898}.Release|x86.Build.0 = Release|Win32
		{E491D374-687C-49DC-BC79-AA8E24EC3BDF}.Debug|Any CPU.ActiveCfg = Debug|Win32
		{E491D374-687C-49DC-BC79-AA8E24EC3BDF}.Debug|x64.ActiveCfg = Debug|x64
		{E491D374-687C-49DC-BC79-AA8E24EC3BDF}.Debug|x64.Build.0 = Debug|x64
		{E491D374-687C-49DC-BC79-AA8E24EC3BDF}.Debug|x86.ActiveCfg = Debug|Win32
		{E491D374-687C-49DC-BC79-AA8E24EC3BDF}.Debug|x86.Build.0 = Debug|Win32
		{E491D374-687C-49DC-BC79-AA8E24EC3BDF}.Release|Any CPU.ActiveCfg = Release|Win32
		{E491D374-687C-49DC-BC79-AA8E24EC3BDF}.Release|x64.ActiveCfg = Release|x64
		{E491D374-687C-49DC-BC79-AA8E24EC3BDF}.Release|x64.Build.0 = Release|x64
		{E491D374-687C-49DC-BC79-AA8E24EC3BDF}.Release|x86.ActiveCfg = Release|Win32
		{E491D374-687C-49DC-BC79-AA8E24EC3BDF}.Release|x86.Build.0 = Release|Win32
		{9474AC26-C378-4052-9C13-39C07511EE8C}.Debug|Any CPU.ActiveCfg = Debug|Win32
		{9474AC26-C378-4052-9C13-39C07511EE8C}.Debug|x64.ActiveCfg = Debug|x64
		{9474AC26-C378-4052-9C13-39C07511EE8C}.Debug|x64.Build.0 = Debug|x64
		{9474AC26-C378-4052-9C13-39C07511EE8C}.Debug|x86.ActiveCfg = Debug|Win32
		{9474AC26-C378-4052-9C13-39C07511EE8C}.Debug|x86.Build.0 = Debug|Win32
		{9474AC26-C378-4052-9C13-39C07511EE8C}.Release|Any CPU.ActiveCfg = Release|Win32
		{9474AC26-C378-4052-9C13-39C07511EE8C}.Release|x64.ActiveCfg = Release|x64
		{9474AC26-C378-4052-9C13-39C07511EE8C}.Release|x64.Build.0 = Release|x64
		{9474AC26-C378-4052-9C13-39C07511EE8C}.Release|x86.ActiveCfg = Release|Win32
		{9474AC26-C378-4052-9C13-39C07511EE8C}.Release|x86.Build.0 = Release|Win32
		{2DB351FE-C59F-4425-B4FA-0C2C17E26A84}.Debug|Any CPU.ActiveCfg = Debug|Win32
		{2DB351FE-C59F-4425-B4FA-0C2C17E26A84}.Debug|x64.ActiveCfg = Debug|x64
		{2DB351FE-C59F-4425-B4FA-0C2C17E26A84}.Debug|x64.Build.0 = Debug|x64
		{2DB351FE-C59F-4425-B4FA-0C2C17E26A84}.Debug|x86.ActiveCfg = Debug|Win32
		{2DB351FE-C59F-4425-B4FA-0C2C17E26A84}.Debug|x86.Build.0 = Debug|Win32
		{2DB351FE-C59F-4425-B4FA-0C2C17E26A84}.Release|Any CPU.ActiveCfg = Release|Win32
		{2DB351FE-C59F-4425-B4FA-0C2C17E26A84}.Release|x64.ActiveCfg = Release|x64
		{2DB351FE-C59F-4425-B4FA-0C2C17E26A84}.Release|x64.Build.0 = Release|x64
		{2DB351FE-C59F-4425-B4FA-0C2C17E26A84}.Release|x86.ActiveCfg = Release|Win32
		{2DB351FE-C59F-4425-B4FA-0C2C17E26A84}.Release|x86.Build.0 = Release|Win32
		{06915B44-0BE8-4B9C-857B-254AD064E410}.Debug|Any CPU.ActiveCfg = Debug|Win32
		{06915B44-0BE8-4B9C-857B-254AD064E410}.Debug|x64.ActiveCfg = Debug|x64
		{06915B44-0BE8-4B9C-857B-254AD064E410}.Debug|x64.Build.0 = Debug|x64
		{06915B44-0BE8-4B9C-857B-254AD064E410}.Debug|x86.ActiveCfg = Debug|Win32
		{06915B44-0BE8-4B9C-857B-254AD064E410}.Debug|x86.Build.0 = Debug|Win32
		{06915B44-0BE8-4B9C-857B-254AD064E410}.Release|Any CPU.ActiveCfg = Release|Win32
		{06915B44-0BE8-4B9C-857B-254AD064E410}.Release|x64.ActiveCfg = Release|x64
		{06915B44-0BE8-4B9C-857B-254AD064E410}.Release|x64.Build.0 = Release|x64
		{06915B44-0BE8-4B9C-857B-254AD064E410}.Release|x86.ActiveCfg = Release|Win32
		{06915B44-0BE8-4B9C-857B-254AD064E410}.Release|x86.Build.0 = Release|Win32
		{3F996179-B0C4-4060-A696-9D5E90394759}.Debug|Any CPU.ActiveCfg = Debug|Win32
		{3F996179-B0C4-4060-A696-9D5E90394759}.Debug|x64.ActiveCfg = Debug|x64
		{3F996179-B0C4-4060-A696-9D5E90394759}.Debug|x64.Build.0 = Debug|x64
		{3F996179-B0C4-4060-A696-9D5E90394759}.Debug|x86.ActiveCfg = Debug|Win32
		{3F996179-B0C4-4060-A696-9D5E90394759}.Debug|x86.Build.0 = Debug|Win32
		{3F996179-B0C4-4060-A696-9D5E90394759}.Release|Any CPU.ActiveCfg = Release|Win32
		{3F996179-B0C4-4060-A696-9D5E90394759}.Release|x64.ActiveCfg = Release|x64
		{3F996179-B0C4-4060-A696-9D5E90394759}.Release|x64.Build.0 = Release|x64
		{3F996179-B0C4-4060-A696-9D5E90394759}.Release|x86.ActiveCfg = Release|Win32
		{3F996179-B0C4-4060-A696-9D5E90394759}.Release|x86.Build.0 = Release|Win32
	EndGlobalSection
	GlobalSection(SolutionProperties) = preSolution
		HideSolutionNode = FALSE
	EndGlobalSection
	GlobalSection(NestedProjects) = preSolution
		{778BF078-FF93-4D54-AAEF-FDD8633C6459} = {5372C1CA-F764-4F48-A9FB-5EFD622D016F}
		{CFAE14CC-70BE-49FF-8222-37452937B429} = {90DA06FE-AD19-4D91-B5E3-3A00282B96E4}
		{CC05D925-AA6A-4474-9E60-96B2CE734B87} = {90DA06FE-AD19-4D91-B5E3-3A00282B96E4}
		{C2010772-DE97-465C-8105-A917D9612E5E} = {8381A4A1-664C-4EFF-894B-C6DC82B69405}
		{A9160C75-D229-4BE2-AEB4-5A2ACA93E898} = {8381A4A1-664C-4EFF-894B-C6DC82B69405}
		{E491D374-687C-49DC-BC79-AA8E24EC3BDF} = {8381A4A1-664C-4EFF-894B-C6DC82B69405}
		{9474AC26-C378-4052-9C13-39C07511EE8C} = {8381A4A1-664C-4EFF-894B-C6DC82B69405}
		{2DB351FE-C59F-4425-B4FA-0C2C17E26A84} = {8381A4A1-664C-4EFF-894B-C6DC82B69405}
		{06915B44-0BE8-4B9C-857B-254AD064E410} = {8381A4A1-664C-4EFF-894B-C6DC82B69405}
		{3F996179-B0C4-4060-A696-9D5E90394759} = {90DA06FE-AD19-4D91-B5E3-3A00282B96E4}
	EndGlobalSection
EndGlobal
